
Microsoft Visual Studio Solution File, Format Version 12.00
# Visual Studio Version 17
VisualStudioVersion = 17.3.32929.385
MinimumVisualStudioVersion = 10.0.40219.1
Project("{FAE04EC0-301F-11D3-BF4B-00C04F79EFBC}") = "RabbitMQTest", "RabbitMQTest.csproj", "{250355DE-C550-455B-9937-24EC4932CD94}"
EndProject
Global
	GlobalSection(SolutionConfigurationPlatforms) = preSolution
		Debug|Any CPU = Debug|Any CPU
		Release|Any CPU = Release|Any CPU
	EndGlobalSection
	GlobalSection(ProjectConfigurationPlatforms) = postSolution
		{250355DE-C550-455B-9937-24EC4932CD94}.Debug|Any CPU.ActiveCfg = Debug|Any CPU
		{250355DE-C550-455B-9937-24EC4932CD94}.Debug|Any CPU.Build.0 = Debug|Any CPU
		{250355DE-C550-455B-9937-24EC4932CD94}.Release|Any CPU.ActiveCfg = Release|Any CPU
		{250355DE-C550-455B-9937-24EC4932CD94}.Release|Any CPU.Build.0 = Release|Any CPU
	EndGlobalSection
	GlobalSection(SolutionProperties) = preSolution
		HideSolutionNode = FALSE
	EndGlobalSection
	GlobalSection(ExtensibilityGlobals) = postSolution
		SolutionGuid = {DACDF671-E791-4087-8390-825D6731A493}
	EndGlobalSection
EndGlobal
